
Microsoft Visual Studio Solution File, Format Version 12.00
# Visual Studio 15
VisualStudioVersion = 15.0.26430.12
MinimumVisualStudioVersion = 10.0.40219.1
Project("{FAE04EC0-301F-11D3-BF4B-00C04F79EFBC}") = "Graphite", "Graphite\Graphite.csproj", "{C4B8217D-1768-49C0-AEC5-F07B8816405E}"
EndProject
Project("{FAE04EC0-301F-11D3-BF4B-00C04F79EFBC}") = "Tests", "Tests\Tests.csproj", "{8A55228A-86FC-4262-B810-B186A2BBD745}"
EndProject
Project("{FAE04EC0-301F-11D3-BF4B-00C04F79EFBC}") = "Graphite.Cors", "Graphite.Cors\Graphite.Cors.csproj", "{0948B932-8AEA-4CCF-9F3D-DD6E2005FE03}"
EndProject
Project("{FAE04EC0-301F-11D3-BF4B-00C04F79EFBC}") = "Graphite.AspNet", "Graphite.AspNet\Graphite.AspNet.csproj", "{54F57946-1EF8-4048-BBE7-79951A491242}"
EndProject
Project("{FAE04EC0-301F-11D3-BF4B-00C04F79EFBC}") = "Graphite.Owin", "Graphite.Owin\Graphite.Owin.csproj", "{0FBDF277-7998-4744-92FD-160258F07CBE}"
EndProject
Project("{FAE04EC0-301F-11D3-BF4B-00C04F79EFBC}") = "TestHarness.Owin", "TestHarness.Owin\TestHarness.Owin.csproj", "{CDA37258-06AE-4763-B548-0B1288D72AD4}"
EndProject
Project("{FAE04EC0-301F-11D3-BF4B-00C04F79EFBC}") = "TestHarness", "TestHarness\TestHarness.csproj", "{3987DE7F-3C92-40C4-A6D1-D22BF28E89CD}"
EndProject
Project("{FAE04EC0-301F-11D3-BF4B-00C04F79EFBC}") = "TestHarness.AspNet", "TestHarness.AspNet\TestHarness.AspNet.csproj", "{AE3D3E1C-0A62-4DA6-ABF9-F92CBE31239D}"
EndProject
Project("{FAE04EC0-301F-11D3-BF4B-00C04F79EFBC}") = "Graphite.StructureMap", "Graphite.StructureMap\Graphite.StructureMap.csproj", "{EC2DD82D-406B-4169-A5C9-EC9EAD8A0151}"
EndProject
Global
	GlobalSection(SolutionConfigurationPlatforms) = preSolution
		Debug|Any CPU = Debug|Any CPU
		Release|Any CPU = Release|Any CPU
	EndGlobalSection
	GlobalSection(ProjectConfigurationPlatforms) = postSolution
		{C4B8217D-1768-49C0-AEC5-F07B8816405E}.Debug|Any CPU.ActiveCfg = Debug|Any CPU
		{C4B8217D-1768-49C0-AEC5-F07B8816405E}.Debug|Any CPU.Build.0 = Debug|Any CPU
		{C4B8217D-1768-49C0-AEC5-F07B8816405E}.Release|Any CPU.ActiveCfg = Release|Any CPU
		{C4B8217D-1768-49C0-AEC5-F07B8816405E}.Release|Any CPU.Build.0 = Release|Any CPU
		{8A55228A-86FC-4262-B810-B186A2BBD745}.Debug|Any CPU.ActiveCfg = Debug|Any CPU
		{8A55228A-86FC-4262-B810-B186A2BBD745}.Debug|Any CPU.Build.0 = Debug|Any CPU
		{8A55228A-86FC-4262-B810-B186A2BBD745}.Release|Any CPU.ActiveCfg = Release|Any CPU
		{8A55228A-86FC-4262-B810-B186A2BBD745}.Release|Any CPU.Build.0 = Release|Any CPU
		{0948B932-8AEA-4CCF-9F3D-DD6E2005FE03}.Debug|Any CPU.ActiveCfg = Debug|Any CPU
		{0948B932-8AEA-4CCF-9F3D-DD6E2005FE03}.Debug|Any CPU.Build.0 = Debug|Any CPU
		{0948B932-8AEA-4CCF-9F3D-DD6E2005FE03}.Release|Any CPU.ActiveCfg = Release|Any CPU
		{0948B932-8AEA-4CCF-9F3D-DD6E2005FE03}.Release|Any CPU.Build.0 = Release|Any CPU
		{54F57946-1EF8-4048-BBE7-79951A491242}.Debug|Any CPU.ActiveCfg = Debug|Any CPU
		{54F57946-1EF8-4048-BBE7-79951A491242}.Debug|Any CPU.Build.0 = Debug|Any CPU
		{54F57946-1EF8-4048-BBE7-79951A491242}.Release|Any CPU.ActiveCfg = Release|Any CPU
		{54F57946-1EF8-4048-BBE7-79951A491242}.Release|Any CPU.Build.0 = Release|Any CPU
		{0FBDF277-7998-4744-92FD-160258F07CBE}.Debug|Any CPU.ActiveCfg = Debug|Any CPU
		{0FBDF277-7998-4744-92FD-160258F07CBE}.Debug|Any CPU.Build.0 = Debug|Any CPU
		{0FBDF277-7998-4744-92FD-160258F07CBE}.Release|Any CPU.ActiveCfg = Release|Any CPU
		{0FBDF277-7998-4744-92FD-160258F07CBE}.Release|Any CPU.Build.0 = Release|Any CPU
		{CDA37258-06AE-4763-B548-0B1288D72AD4}.Debug|Any CPU.ActiveCfg = Debug|Any CPU
		{CDA37258-06AE-4763-B548-0B1288D72AD4}.Debug|Any CPU.Build.0 = Debug|Any CPU
		{CDA37258-06AE-4763-B548-0B1288D72AD4}.Release|Any CPU.ActiveCfg = Release|Any CPU
		{CDA37258-06AE-4763-B548-0B1288D72AD4}.Release|Any CPU.Build.0 = Release|Any CPU
		{3987DE7F-3C92-40C4-A6D1-D22BF28E89CD}.Debug|Any CPU.ActiveCfg = Debug|Any CPU
		{3987DE7F-3C92-40C4-A6D1-D22BF28E89CD}.Debug|Any CPU.Build.0 = Debug|Any CPU
		{3987DE7F-3C92-40C4-A6D1-D22BF28E89CD}.Release|Any CPU.ActiveCfg = Release|Any CPU
		{3987DE7F-3C92-40C4-A6D1-D22BF28E89CD}.Release|Any CPU.Build.0 = Release|Any CPU
		{AE3D3E1C-0A62-4DA6-ABF9-F92CBE31239D}.Debug|Any CPU.ActiveCfg = Debug|Any CPU
		{AE3D3E1C-0A62-4DA6-ABF9-F92CBE31239D}.Debug|Any CPU.Build.0 = Debug|Any CPU
		{AE3D3E1C-0A62-4DA6-ABF9-F92CBE31239D}.Release|Any CPU.ActiveCfg = Release|Any CPU
		{AE3D3E1C-0A62-4DA6-ABF9-F92CBE31239D}.Release|Any CPU.Build.0 = Release|Any CPU
		{EC2DD82D-406B-4169-A5C9-EC9EAD8A0151}.Debug|Any CPU.ActiveCfg = Debug|Any CPU
		{EC2DD82D-406B-4169-A5C9-EC9EAD8A0151}.Debug|Any CPU.Build.0 = Debug|Any CPU
		{EC2DD82D-406B-4169-A5C9-EC9EAD8A0151}.Release|Any CPU.ActiveCfg = Release|Any CPU
		{EC2DD82D-406B-4169-A5C9-EC9EAD8A0151}.Release|Any CPU.Build.0 = Release|Any CPU
	EndGlobalSection
	GlobalSection(SolutionProperties) = preSolution
		HideSolutionNode = FALSE
	EndGlobalSection
EndGlobal
