
Microsoft Visual Studio Solution File, Format Version 12.00
# Visual Studio 15
VisualStudioVersion = 15.0.26403.0
MinimumVisualStudioVersion = 10.0.40219.1
Project("{FAE04EC0-301F-11D3-BF4B-00C04F79EFBC}") = "Graphite", "Graphite\Graphite.csproj", "{C4B8217D-1768-49C0-AEC5-F07B8816405E}"
EndProject
Project("{FAE04EC0-301F-11D3-BF4B-00C04F79EFBC}") = "Tests", "Tests\Tests.csproj", "{8A55228A-86FC-4262-B810-B186A2BBD745}"
EndProject
Project("{FAE04EC0-301F-11D3-BF4B-00C04F79EFBC}") = "TestHarness", "TestHarness\TestHarness.csproj", "{AE3D3E1C-0A62-4DA6-ABF9-F92CBE31239D}"
EndProject
Project("{2150E333-8FDC-42A3-9474-1A3956D46DE8}") = "Integration", "Integration", "{1CFDFEC1-D843-404E-9881-1B0ED94850F1}"
EndProject
Project("{2150E333-8FDC-42A3-9474-1A3956D46DE8}") = "DependencyInjection", "DependencyInjection", "{3A4007E7-A407-4117-A92A-9A46018602C0}"
EndProject
Project("{2150E333-8FDC-42A3-9474-1A3956D46DE8}") = "Serializers", "Serializers", "{C52F6842-421F-46AC-B3BA-6D3459BF704D}"
EndProject
Project("{FAE04EC0-301F-11D3-BF4B-00C04F79EFBC}") = "Graphite.StructureMap", "Integration\DependencyInjection\Graphite.StructureMap\Graphite.StructureMap.csproj", "{EC2DD82D-406B-4169-A5C9-EC9EAD8A0151}"
EndProject
Project("{FAE04EC0-301F-11D3-BF4B-00C04F79EFBC}") = "Graphite.Newtonsoft.Json", "Integration\Serializers\Graphite.Newtonsoft.Json\Graphite.Newtonsoft.Json.csproj", "{BE193A75-3940-42EE-8CA9-2CAFFB0E04E3}"
EndProject
Project("{FAE04EC0-301F-11D3-BF4B-00C04F79EFBC}") = "Graphite.Bender", "Integration\Serializers\Graphite.Bender\Graphite.Bender.csproj", "{73744E67-B5EB-427A-8A4D-9E6D07532FF9}"
EndProject
Global
	GlobalSection(SolutionConfigurationPlatforms) = preSolution
		Debug|Any CPU = Debug|Any CPU
		Release|Any CPU = Release|Any CPU
	EndGlobalSection
	GlobalSection(ProjectConfigurationPlatforms) = postSolution
		{C4B8217D-1768-49C0-AEC5-F07B8816405E}.Debug|Any CPU.ActiveCfg = Debug|Any CPU
		{C4B8217D-1768-49C0-AEC5-F07B8816405E}.Debug|Any CPU.Build.0 = Debug|Any CPU
		{C4B8217D-1768-49C0-AEC5-F07B8816405E}.Release|Any CPU.ActiveCfg = Release|Any CPU
		{C4B8217D-1768-49C0-AEC5-F07B8816405E}.Release|Any CPU.Build.0 = Release|Any CPU
		{8A55228A-86FC-4262-B810-B186A2BBD745}.Debug|Any CPU.ActiveCfg = Debug|Any CPU
		{8A55228A-86FC-4262-B810-B186A2BBD745}.Debug|Any CPU.Build.0 = Debug|Any CPU
		{8A55228A-86FC-4262-B810-B186A2BBD745}.Release|Any CPU.ActiveCfg = Release|Any CPU
		{8A55228A-86FC-4262-B810-B186A2BBD745}.Release|Any CPU.Build.0 = Release|Any CPU
		{AE3D3E1C-0A62-4DA6-ABF9-F92CBE31239D}.Debug|Any CPU.ActiveCfg = Debug|Any CPU
		{AE3D3E1C-0A62-4DA6-ABF9-F92CBE31239D}.Debug|Any CPU.Build.0 = Debug|Any CPU
		{AE3D3E1C-0A62-4DA6-ABF9-F92CBE31239D}.Release|Any CPU.ActiveCfg = Release|Any CPU
		{AE3D3E1C-0A62-4DA6-ABF9-F92CBE31239D}.Release|Any CPU.Build.0 = Release|Any CPU
		{EC2DD82D-406B-4169-A5C9-EC9EAD8A0151}.Debug|Any CPU.ActiveCfg = Debug|Any CPU
		{EC2DD82D-406B-4169-A5C9-EC9EAD8A0151}.Debug|Any CPU.Build.0 = Debug|Any CPU
		{EC2DD82D-406B-4169-A5C9-EC9EAD8A0151}.Release|Any CPU.ActiveCfg = Release|Any CPU
		{EC2DD82D-406B-4169-A5C9-EC9EAD8A0151}.Release|Any CPU.Build.0 = Release|Any CPU
		{BE193A75-3940-42EE-8CA9-2CAFFB0E04E3}.Debug|Any CPU.ActiveCfg = Debug|Any CPU
		{BE193A75-3940-42EE-8CA9-2CAFFB0E04E3}.Debug|Any CPU.Build.0 = Debug|Any CPU
		{BE193A75-3940-42EE-8CA9-2CAFFB0E04E3}.Release|Any CPU.ActiveCfg = Release|Any CPU
		{BE193A75-3940-42EE-8CA9-2CAFFB0E04E3}.Release|Any CPU.Build.0 = Release|Any CPU
		{73744E67-B5EB-427A-8A4D-9E6D07532FF9}.Debug|Any CPU.ActiveCfg = Debug|Any CPU
		{73744E67-B5EB-427A-8A4D-9E6D07532FF9}.Debug|Any CPU.Build.0 = Debug|Any CPU
		{73744E67-B5EB-427A-8A4D-9E6D07532FF9}.Release|Any CPU.ActiveCfg = Release|Any CPU
		{73744E67-B5EB-427A-8A4D-9E6D07532FF9}.Release|Any CPU.Build.0 = Release|Any CPU
	EndGlobalSection
	GlobalSection(SolutionProperties) = preSolution
		HideSolutionNode = FALSE
	EndGlobalSection
	GlobalSection(NestedProjects) = preSolution
		{3A4007E7-A407-4117-A92A-9A46018602C0} = {1CFDFEC1-D843-404E-9881-1B0ED94850F1}
		{C52F6842-421F-46AC-B3BA-6D3459BF704D} = {1CFDFEC1-D843-404E-9881-1B0ED94850F1}
		{EC2DD82D-406B-4169-A5C9-EC9EAD8A0151} = {3A4007E7-A407-4117-A92A-9A46018602C0}
		{BE193A75-3940-42EE-8CA9-2CAFFB0E04E3} = {C52F6842-421F-46AC-B3BA-6D3459BF704D}
		{73744E67-B5EB-427A-8A4D-9E6D07532FF9} = {C52F6842-421F-46AC-B3BA-6D3459BF704D}
	EndGlobalSection
EndGlobal
